
Microsoft Visual Studio Solution File, Format Version 12.00
# Visual Studio Version 17
VisualStudioVersion = 17.14.36221.1 d17.14
MinimumVisualStudioVersion = 10.0.40219.1
Project("{FAE04EC0-301F-11D3-BF4B-00C04F79EFBC}") = "WordSquare", "WordSquare\WordSquare.csproj", "{23391101-DD86-48B1-8620-5F7F0A40DDCD}"
EndProject
Global
	GlobalSection(SolutionConfigurationPlatforms) = preSolution
		Debug|Any CPU = Debug|Any CPU
		Release|Any CPU = Release|Any CPU
	EndGlobalSection
	GlobalSection(ProjectConfigurationPlatforms) = postSolution
		{23391101-DD86-48B1-8620-5F7F0A40DDCD}.Debug|Any CPU.ActiveCfg = Debug|Any CPU
		{23391101-DD86-48B1-8620-5F7F0A40DDCD}.Debug|Any CPU.Build.0 = Debug|Any CPU
		{23391101-DD86-48B1-8620-5F7F0A40DDCD}.Release|Any CPU.ActiveCfg = Release|Any CPU
		{23391101-DD86-48B1-8620-5F7F0A40DDCD}.Release|Any CPU.Build.0 = Release|Any CPU
	EndGlobalSection
	GlobalSection(SolutionProperties) = preSolution
		HideSolutionNode = FALSE
	EndGlobalSection
	GlobalSection(ExtensibilityGlobals) = postSolution
		SolutionGuid = {9FE697E1-9670-4BDB-BE12-6106480DE553}
	EndGlobalSection
EndGlobal
